schema: '2.0'
stages:
  prepare:
    cmd: python src/prepare.py
    deps:
    - path: data/DataBase_table.csv
      hash: md5
      md5: 360096aeebfbf753a90af3abc6f9262e
      size: 5392719
    - path: src/prepare.py
      hash: md5
      md5: 6dcc2c6a02db77cdd2bfab2c25b44be1
      size: 1323
    outs:
    - path: data/interim/DataBase_PCA10_labels.csv
      hash: md5
      md5: 524b383a373f3332163793abf89a2144
      size: 711798
  train:
    cmd: python src/train.py --params params.yaml
    deps:
    - path: data/interim/DataBase_PCA10_labels.csv
      hash: md5
      md5: 524b383a373f3332163793abf89a2144
      size: 711798
    - path: params.yaml
      hash: md5
      md5: 5705e50dd6d0290707f55d79c5fd7d8d
      size: 71
    - path: src/train.py
      hash: md5
      md5: d45ebb7ada62b64a4ce4a1cc5039b050
      size: 2366
    outs:
    - path: metrics/train.json
      hash: md5
      md5: de2b5911d5a521be1edb2c02dca84d50
      size: 2054
    - path: models/classifier.pkl
      hash: md5
      md5: f8933342880dbf816d3e097cd3050007
      size: 232529
