schema: '2.0'
stages:
  prepare:
    cmd: python src/prepare.py
    deps:
    - path: data/engine_fault_detection_dataset.csv
      hash: md5
      md5: 8c066647a40b9d3fd1b9299770f9bbc9
      size: 2070133
    - path: src/prepare.py
      hash: md5
      md5: 1b4a727f0690658f63ab654df103c089
      size: 1360
    outs:
    - path: data/interim/engine_fault_detection_scaled_dataset.csv
      hash: md5
      md5: 788f3af0e4847c2e98b07d5bd8e0b037
      size: 2180799
  train:
    cmd: python src/train.py
    deps:
    - path: data/interim/engine_fault_detection_scaled_dataset.csv
      hash: md5
      md5: 788f3af0e4847c2e98b07d5bd8e0b037
      size: 2180799
    - path: params.yaml
      hash: md5
      md5: 9decaf0394c0daeb639f6eb7687eb8da
      size: 471
    - path: src/train.py
      hash: md5
      md5: f9666d4af1273617be162455db5842aa
      size: 6130
    outs:
    - path: metrics/summary.csv
      hash: md5
      md5: 2a7574feadbe1b5711bcd4c7bc8fbc6a
      size: 105
    - path: metrics/train.json
      hash: md5
      md5: 74a2c2383b9420cd4831cab56ae78a16
      size: 6546
    - path: models
      hash: md5
      md5: 1e4ade6e1a15e192568b4fa84182b71a.dir
      size: 3568903
      nfiles: 6
